
Microsoft Visual Studio Solution File, Format Version 12.00
# Visual Studio Version 17
VisualStudioVersion = 17.14.36310.24 d17.14
MinimumVisualStudioVersion = 10.0.40219.1
Project("{FAE04EC0-301F-11D3-BF4B-00C04F79EFBC}") = "HypermarketCourseWork(B)", "HypermarketCourseWork(B)\HypermarketCourseWork(B).csproj", "{D523E0D6-548D-4A33-AD02-6A84E3878252}"
EndProject
Global
	GlobalSection(SolutionConfigurationPlatforms) = preSolution
		Debug|Any CPU = Debug|Any CPU
		Release|Any CPU = Release|Any CPU
	EndGlobalSection
	GlobalSection(ProjectConfigurationPlatforms) = postSolution
		{D523E0D6-548D-4A33-AD02-6A84E3878252}.Debug|Any CPU.ActiveCfg = Debug|Any CPU
		{D523E0D6-548D-4A33-AD02-6A84E3878252}.Debug|Any CPU.Build.0 = Debug|Any CPU
		{D523E0D6-548D-4A33-AD02-6A84E3878252}.Release|Any CPU.ActiveCfg = Release|Any CPU
		{D523E0D6-548D-4A33-AD02-6A84E3878252}.Release|Any CPU.Build.0 = Release|Any CPU
	EndGlobalSection
	GlobalSection(SolutionProperties) = preSolution
		HideSolutionNode = FALSE
	EndGlobalSection
	GlobalSection(ExtensibilityGlobals) = postSolution
		SolutionGuid = {16A00A8E-2668-4E25-AFB0-7D020F0ACCC9}
	EndGlobalSection
EndGlobal
